
Microsoft Visual Studio Solution File, Format Version 12.00
# Visual Studio 15
VisualStudioVersion = 15.0.28010.2041
MinimumVisualStudioVersion = 10.0.40219.1
Project("{FAE04EC0-301F-11D3-BF4B-00C04F79EFBC}") = "imgtools", "imgtools\imgtools.csproj", "{2069297B-7513-4CB6-8C25-F993B31EDDFF}"
EndProject
Global
	GlobalSection(SolutionConfigurationPlatforms) = preSolution
		Debug|Any CPU = Debug|Any CPU
		Release|Any CPU = Release|Any CPU
	EndGlobalSection
	GlobalSection(ProjectConfigurationPlatforms) = postSolution
		{2069297B-7513-4CB6-8C25-F993B31EDDFF}.Debug|Any CPU.ActiveCfg = Debug|Any CPU
		{2069297B-7513-4CB6-8C25-F993B31EDDFF}.Debug|Any CPU.Build.0 = Debug|Any CPU
		{2069297B-7513-4CB6-8C25-F993B31EDDFF}.Release|Any CPU.ActiveCfg = Release|Any CPU
		{2069297B-7513-4CB6-8C25-F993B31EDDFF}.Release|Any CPU.Build.0 = Release|Any CPU
	EndGlobalSection
	GlobalSection(SolutionProperties) = preSolution
		HideSolutionNode = FALSE
	EndGlobalSection
	GlobalSection(ExtensibilityGlobals) = postSolution
		SolutionGuid = {C7DF2EDF-F552-4E35-B9BC-25540CC0A964}
	EndGlobalSection
EndGlobal
